// !$*UTF8*$!
{
	archiveVersion = 1;
	classes = {
	};
	objectVersion = 56;
	objects = {

/* Begin PBXBuildFile section */
		3024FB312A728E25000A1254 /* udemyiosnativeApp.swift in Sources */ = {isa = PBXBuildFile; fileRef = 3024FB302A728E25000A1254 /* udemyiosnativeApp.swift */; };
		3024FB332A728E25000A1254 /* ContentView.swift in Sources */ = {isa = PBXBuildFile; fileRef = 3024FB322A728E25000A1254 /* ContentView.swift */; };
		3024FB352A728E26000A1254 /* Assets.xcassets in Resources */ = {isa = PBXBuildFile; fileRef = 3024FB342A728E26000A1254 /* Assets.xcassets */; };
		3024FB382A728E26000A1254 /* Preview Assets.xcassets in Resources */ = {isa = PBXBuildFile; fileRef = 3024FB372A728E26000A1254 /* Preview Assets.xcassets */; };
		30B289A32A7A4CB0003955BF /* ForEachView.swift in Sources */ = {isa = PBXBuildFile; fileRef = 30B289A22A7A4CB0003955BF /* ForEachView.swift */; };
		30B289A52A7A4EBA003955BF /* Book.swift in Sources */ = {isa = PBXBuildFile; fileRef = 30B289A42A7A4EBA003955BF /* Book.swift */; };
		30B289A72A7A6FF8003955BF /* GridItemView.swift in Sources */ = {isa = PBXBuildFile; fileRef = 30B289A62A7A6FF8003955BF /* GridItemView.swift */; };
		30B289A92A7A762C003955BF /* ListView.swift in Sources */ = {isa = PBXBuildFile; fileRef = 30B289A82A7A762C003955BF /* ListView.swift */; };
		30F3C9A82A7CC17400320765 /* SwipeActionView.swift in Sources */ = {isa = PBXBuildFile; fileRef = 30F3C9A72A7CC17400320765 /* SwipeActionView.swift */; };
		30F3C9AA2A7CD3B800320765 /* OutlineListView.swift in Sources */ = {isa = PBXBuildFile; fileRef = 30F3C9A92A7CD3B800320765 /* OutlineListView.swift */; };
		30F3C9AC2A7CFF7500320765 /* PickerView.swift in Sources */ = {isa = PBXBuildFile; fileRef = 30F3C9AB2A7CFF7500320765 /* PickerView.swift */; };
		30F3C9AE2A7D0C6300320765 /* DatePickerView.swift in Sources */ = {isa = PBXBuildFile; fileRef = 30F3C9AD2A7D0C6300320765 /* DatePickerView.swift */; };
		30F598702A7BBCB600FD0137 /* SectionsView.swift in Sources */ = {isa = PBXBuildFile; fileRef = 30F5986F2A7BBCB600FD0137 /* SectionsView.swift */; };
		30F598722A7BCB2800FD0137 /* EditModeView.swift in Sources */ = {isa = PBXBuildFile; fileRef = 30F598712A7BCB2800FD0137 /* EditModeView.swift */; };
/* End PBXBuildFile section */

/* Begin PBXFileReference section */
		3024FB2D2A728E25000A1254 /* udemyiosnative.app */ = {isa = PBXFileReference; explicitFileType = wrapper.application; includeInIndex = 0; path = udemyiosnative.app; sourceTree = BUILT_PRODUCTS_DIR; };
		3024FB302A728E25000A1254 /* udemyiosnativeApp.swift */ = {isa = PBXFileReference; lastKnownFileType = sourcecode.swift; path = udemyiosnativeApp.swift; sourceTree = "<group>"; };
		3024FB322A728E25000A1254 /* ContentView.swift */ = {isa = PBXFileReference; lastKnownFileType = sourcecode.swift; path = ContentView.swift; sourceTree = "<group>"; };
		3024FB342A728E26000A1254 /* Assets.xcassets */ = {isa = PBXFileReference; lastKnownFileType = folder.assetcatalog; path = Assets.xcassets; sourceTree = "<group>"; };
		3024FB372A728E26000A1254 /* Preview Assets.xcassets */ = {isa = PBXFileReference; lastKnownFileType = folder.assetcatalog; path = "Preview Assets.xcassets"; sourceTree = "<group>"; };
		30B289A22A7A4CB0003955BF /* ForEachView.swift */ = {isa = PBXFileReference; lastKnownFileType = sourcecode.swift; path = ForEachView.swift; sourceTree = "<group>"; };
		30B289A42A7A4EBA003955BF /* Book.swift */ = {isa = PBXFileReference; lastKnownFileType = sourcecode.swift; path = Book.swift; sourceTree = "<group>"; };
		30B289A62A7A6FF8003955BF /* GridItemView.swift */ = {isa = PBXFileReference; lastKnownFileType = sourcecode.swift; path = GridItemView.swift; sourceTree = "<group>"; };
		30B289A82A7A762C003955BF /* ListView.swift */ = {isa = PBXFileReference; lastKnownFileType = sourcecode.swift; path = ListView.swift; sourceTree = "<group>"; };
		30F3C9A72A7CC17400320765 /* SwipeActionView.swift */ = {isa = PBXFileReference; lastKnownFileType = sourcecode.swift; path = SwipeActionView.swift; sourceTree = "<group>"; };
		30F3C9A92A7CD3B800320765 /* OutlineListView.swift */ = {isa = PBXFileReference; lastKnownFileType = sourcecode.swift; path = OutlineListView.swift; sourceTree = "<group>"; };
		30F3C9AB2A7CFF7500320765 /* PickerView.swift */ = {isa = PBXFileReference; lastKnownFileType = sourcecode.swift; path = PickerView.swift; sourceTree = "<group>"; };
		30F3C9AD2A7D0C6300320765 /* DatePickerView.swift */ = {isa = PBXFileReference; lastKnownFileType = sourcecode.swift; path = DatePickerView.swift; sourceTree = "<group>"; };
		30F5986F2A7BBCB600FD0137 /* SectionsView.swift */ = {isa = PBXFileReference; lastKnownFileType = sourcecode.swift; path = SectionsView.swift; sourceTree = "<group>"; };
		30F598712A7BCB2800FD0137 /* EditModeView.swift */ = {isa = PBXFileReference; lastKnownFileType = sourcecode.swift; path = EditModeView.swift; sourceTree = "<group>"; };
/* End PBXFileReference section */

/* Begin PBXFrameworksBuildPhase section */
		3024FB2A2A728E25000A1254 /* Frameworks */ = {
			isa = PBXFrameworksBuildPhase;
			buildActionMask = 2147483647;
			files = (
			);
			runOnlyForDeploymentPostprocessing = 0;
		};
/* End PBXFrameworksBuildPhase section */

/* Begin PBXGroup section */
		3024FB242A728E25000A1254 = {
			isa = PBXGroup;
			children = (
				3024FB2F2A728E25000A1254 /* udemyiosnative */,
				3024FB2E2A728E25000A1254 /* Products */,
			);
			sourceTree = "<group>";
		};
		3024FB2E2A728E25000A1254 /* Products */ = {
			isa = PBXGroup;
			children = (
				3024FB2D2A728E25000A1254 /* udemyiosnative.app */,
			);
			name = Products;
			sourceTree = "<group>";
		};
		3024FB2F2A728E25000A1254 /* udemyiosnative */ = {
			isa = PBXGroup;
			children = (
				30B289A12A7A4C77003955BF /* List */,
				3024FB302A728E25000A1254 /* udemyiosnativeApp.swift */,
				3024FB322A728E25000A1254 /* ContentView.swift */,
				3024FB342A728E26000A1254 /* Assets.xcassets */,
				3024FB362A728E26000A1254 /* Preview Content */,
			);
			path = udemyiosnative;
			sourceTree = "<group>";
		};
		3024FB362A728E26000A1254 /* Preview Content */ = {
			isa = PBXGroup;
			children = (
				3024FB372A728E26000A1254 /* Preview Assets.xcassets */,
			);
			path = "Preview Content";
			sourceTree = "<group>";
		};
		30B289A12A7A4C77003955BF /* List */ = {
			isa = PBXGroup;
			children = (
				30B289A22A7A4CB0003955BF /* ForEachView.swift */,
				30B289A42A7A4EBA003955BF /* Book.swift */,
				30B289A62A7A6FF8003955BF /* GridItemView.swift */,
				30B289A82A7A762C003955BF /* ListView.swift */,
				30F5986F2A7BBCB600FD0137 /* SectionsView.swift */,
				30F598712A7BCB2800FD0137 /* EditModeView.swift */,
				30F3C9A72A7CC17400320765 /* SwipeActionView.swift */,
				30F3C9A92A7CD3B800320765 /* OutlineListView.swift */,
				30F3C9AB2A7CFF7500320765 /* PickerView.swift */,
				30F3C9AD2A7D0C6300320765 /* DatePickerView.swift */,
			);
			path = List;
			sourceTree = "<group>";
		};
/* End PBXGroup section */

/* Begin PBXNativeTarget section */
		3024FB2C2A728E25000A1254 /* udemyiosnative */ = {
			isa = PBXNativeTarget;
			buildConfigurationList = 3024FB3B2A728E26000A1254 /* Build configuration list for PBXNativeTarget "udemyiosnative" */;
			buildPhases = (
				3024FB292A728E25000A1254 /* Sources */,
				3024FB2A2A728E25000A1254 /* Frameworks */,
				3024FB2B2A728E25000A1254 /* Resources */,
			);
			buildRules = (
			);
			dependencies = (
			);
			name = udemyiosnative;
			productName = udemyiosnative;
			productReference = 3024FB2D2A728E25000A1254 /* udemyiosnative.app */;
			productType = "com.apple.product-type.application";
		};
/* End PBXNativeTarget section */

/* Begin PBXProject section */
		3024FB252A728E25000A1254 /* Project object */ = {
			isa = PBXProject;
			attributes = {
				BuildIndependentTargetsInParallel = 1;
				LastSwiftUpdateCheck = 1430;
				LastUpgradeCheck = 1430;
				TargetAttributes = {
					3024FB2C2A728E25000A1254 = {
						CreatedOnToolsVersion = 14.3.1;
					};
				};
			};
			buildConfigurationList = 3024FB282A728E25000A1254 /* Build configuration list for PBXProject "udemyiosnative" */;
			compatibilityVersion = "Xcode 14.0";
			developmentRegion = en;
			hasScannedForEncodings = 0;
			knownRegions = (
				en,
				Base,
			);
			mainGroup = 3024FB242A728E25000A1254;
			productRefGroup = 3024FB2E2A728E25000A1254 /* Products */;
			projectDirPath = "";
			projectRoot = "";
			targets = (
				3024FB2C2A728E25000A1254 /* udemyiosnative */,
			);
		};
/* End PBXProject section */

/* Begin PBXResourcesBuildPhase section */
		3024FB2B2A728E25000A1254 /* Resources */ = {
			isa = PBXResourcesBuildPhase;
			buildActionMask = 2147483647;
			files = (
				3024FB382A728E26000A1254 /* Preview Assets.xcassets in Resources */,
				3024FB352A728E26000A1254 /* Assets.xcassets in Resources */,
			);
			runOnlyForDeploymentPostprocessing = 0;
		};
/* End PBXResourcesBuildPhase section */

/* Begin PBXSourcesBuildPhase section */
		3024FB292A728E25000A1254 /* Sources */ = {
			isa = PBXSourcesBuildPhase;
			buildActionMask = 2147483647;
			files = (
				30F598702A7BBCB600FD0137 /* SectionsView.swift in Sources */,
				3024FB332A728E25000A1254 /* ContentView.swift in Sources */,
				30F3C9A82A7CC17400320765 /* SwipeActionView.swift in Sources */,
				3024FB312A728E25000A1254 /* udemyiosnativeApp.swift in Sources */,
				30F598722A7BCB2800FD0137 /* EditModeView.swift in Sources */,
				30F3C9AC2A7CFF7500320765 /* PickerView.swift in Sources */,
				30F3C9AE2A7D0C6300320765 /* DatePickerView.swift in Sources */,
				30B289A92A7A762C003955BF /* ListView.swift in Sources */,
				30B289A52A7A4EBA003955BF /* Book.swift in Sources */,
				30B289A32A7A4CB0003955BF /* ForEachView.swift in Sources */,
				30B289A72A7A6FF8003955BF /* GridItemView.swift in Sources */,
				30F3C9AA2A7CD3B800320765 /* OutlineListView.swift in Sources */,
			);
			runOnlyForDeploymentPostprocessing = 0;
		};
/* End PBXSourcesBuildPhase section */

/* Begin XCBuildConfiguration section */
		3024FB392A728E26000A1254 /* Debug */ = {
			isa = XCBuildConfiguration;
			buildSettings = {
				ALWAYS_SEARCH_USER_PATHS = NO;
				CLANG_ANALYZER_NONNULL = YES;
				CLANG_ANALYZER_NUMBER_OBJECT_CONVERSION = YES_AGGRESSIVE;
				CLANG_CXX_LANGUAGE_STANDARD = "gnu++20";
				CLANG_ENABLE_MODULES = YES;
				CLANG_ENABLE_OBJC_ARC = YES;
				CLANG_ENABLE_OBJC_WEAK = YES;
				CLANG_WARN_BLOCK_CAPTURE_AUTORELEASING = YES;
				CLANG_WARN_BOOL_CONVERSION = YES;
				CLANG_WARN_COMMA = YES;
				CLANG_WARN_CONSTANT_CONVERSION = YES;
				CLANG_WARN_DEPRECATED_OBJC_IMPLEMENTATIONS = YES;
				CLANG_WARN_DIRECT_OBJC_ISA_USAGE = YES_ERROR;
				CLANG_WARN_DOCUMENTATION_COMMENTS = YES;
				CLANG_WARN_EMPTY_BODY = YES;
				CLANG_WARN_ENUM_CONVERSION = YES;
				CLANG_WARN_INFINITE_RECURSION = YES;
				CLANG_WARN_INT_CONVERSION = YES;
				CLANG_WARN_NON_LITERAL_NULL_CONVERSION = YES;
				CLANG_WARN_OBJC_IMPLICIT_RETAIN_SELF = YES;
				CLANG_WARN_OBJC_LITERAL_CONVERSION = YES;
				CLANG_WARN_OBJC_ROOT_CLASS = YES_ERROR;
				CLANG_WARN_QUOTED_INCLUDE_IN_FRAMEWORK_HEADER = YES;
				CLANG_WARN_RANGE_LOOP_ANALYSIS = YES;
				CLANG_WARN_STRICT_PROTOTYPES = YES;
				CLANG_WARN_SUSPICIOUS_MOVE = YES;
				CLANG_WARN_UNGUARDED_AVAILABILITY = YES_AGGRESSIVE;
				CLANG_WARN_UNREACHABLE_CODE = YES;
				CLANG_WARN__DUPLICATE_METHOD_MATCH = YES;
				COPY_PHASE_STRIP = NO;
				DEBUG_INFORMATION_FORMAT = dwarf;
				ENABLE_STRICT_OBJC_MSGSEND = YES;
				ENABLE_TESTABILITY = YES;
				GCC_C_LANGUAGE_STANDARD = gnu11;
				GCC_DYNAMIC_NO_PIC = NO;
				GCC_NO_COMMON_BLOCKS = YES;
				GCC_OPTIMIZATION_LEVEL = 0;
				GCC_PREPROCESSOR_DEFINITIONS = (
					"DEBUG=1",
					"$(inherited)",
				);
				GCC_WARN_64_TO_32_BIT_CONVERSION = YES;
				GCC_WARN_ABOUT_RETURN_TYPE = YES_ERROR;
				GCC_WARN_UNDECLARED_SELECTOR = YES;
				GCC_WARN_UNINITIALIZED_AUTOS = YES_AGGRESSIVE;
				GCC_WARN_UNUSED_FUNCTION = YES;
				GCC_WARN_UNUSED_VARIABLE = YES;
				IPHONEOS_DEPLOYMENT_TARGET = 16.4;
				MTL_ENABLE_DEBUG_INFO = INCLUDE_SOURCE;
				MTL_FAST_MATH = YES;
				ONLY_ACTIVE_ARCH = YES;
				SDKROOT = iphoneos;
				SWIFT_ACTIVE_COMPILATION_CONDITIONS = DEBUG;
				SWIFT_OPTIMIZATION_LEVEL = "-Onone";
			};
			name = Debug;
		};
		3024FB3A2A728E26000A1254 /* Release */ = {
			isa = XCBuildConfiguration;
			buildSettings = {
				ALWAYS_SEARCH_USER_PATHS = NO;
				CLANG_ANALYZER_NONNULL = YES;
				CLANG_ANALYZER_NUMBER_OBJECT_CONVERSION = YES_AGGRESSIVE;
				CLANG_CXX_LANGUAGE_STANDARD = "gnu++20";
				CLANG_ENABLE_MODULES = YES;
				CLANG_ENABLE_OBJC_ARC = YES;
				CLANG_ENABLE_OBJC_WEAK = YES;
				CLANG_WARN_BLOCK_CAPTURE_AUTORELEASING = YES;
				CLANG_WARN_BOOL_CONVERSION = YES;
				CLANG_WARN_COMMA = YES;
				CLANG_WARN_CONSTANT_CONVERSION = YES;
				CLANG_WARN_DEPRECATED_OBJC_IMPLEMENTATIONS = YES;
				CLANG_WARN_DIRECT_OBJC_ISA_USAGE = YES_ERROR;
				CLANG_WARN_DOCUMENTATION_COMMENTS = YES;
				CLANG_WARN_EMPTY_BODY = YES;
				CLANG_WARN_ENUM_CONVERSION = YES;
				CLANG_WARN_INFINITE_RECURSION = YES;
				CLANG_WARN_INT_CONVERSION = YES;
				CLANG_WARN_NON_LITERAL_NULL_CONVERSION = YES;
				CLANG_WARN_OBJC_IMPLICIT_RETAIN_SELF = YES;
				CLANG_WARN_OBJC_LITERAL_CONVERSION = YES;
				CLANG_WARN_OBJC_ROOT_CLASS = YES_ERROR;
				CLANG_WARN_QUOTED_INCLUDE_IN_FRAMEWORK_HEADER = YES;
				CLANG_WARN_RANGE_LOOP_ANALYSIS = YES;
				CLANG_WARN_STRICT_PROTOTYPES = YES;
				CLANG_WARN_SUSPICIOUS_MOVE = YES;
				CLANG_WARN_UNGUARDED_AVAILABILITY = YES_AGGRESSIVE;
				CLANG_WARN_UNREACHABLE_CODE = YES;
				CLANG_WARN__DUPLICATE_METHOD_MATCH = YES;
				COPY_PHASE_STRIP = NO;
				DEBUG_INFORMATION_FORMAT = "dwarf-with-dsym";
				ENABLE_NS_ASSERTIONS = NO;
				ENABLE_STRICT_OBJC_MSGSEND = YES;
				GCC_C_LANGUAGE_STANDARD = gnu11;
				GCC_NO_COMMON_BLOCKS = YES;
				GCC_WARN_64_TO_32_BIT_CONVERSION = YES;
				GCC_WARN_ABOUT_RETURN_TYPE = YES_ERROR;
				GCC_WARN_UNDECLARED_SELECTOR = YES;
				GCC_WARN_UNINITIALIZED_AUTOS = YES_AGGRESSIVE;
				GCC_WARN_UNUSED_FUNCTION = YES;
				GCC_WARN_UNUSED_VARIABLE = YES;
				IPHONEOS_DEPLOYMENT_TARGET = 16.4;
				MTL_ENABLE_DEBUG_INFO = NO;
				MTL_FAST_MATH = YES;
				SDKROOT = iphoneos;
				SWIFT_COMPILATION_MODE = wholemodule;
				SWIFT_OPTIMIZATION_LEVEL = "-O";
				VALIDATE_PRODUCT = YES;
			};
			name = Release;
		};
		3024FB3C2A728E26000A1254 /* Debug */ = {
			isa = XCBuildConfiguration;
			buildSettings = {
				ASSETCATALOG_COMPILER_APPICON_NAME = AppIcon;
				ASSETCATALOG_COMPILER_GLOBAL_ACCENT_COLOR_NAME = AccentColor;
				CODE_SIGN_STYLE = Automatic;
				CURRENT_PROJECT_VERSION = 1;
				DEVELOPMENT_ASSET_PATHS = "\"udemyiosnative/Preview Content\"";
				ENABLE_PREVIEWS = YES;
				GENERATE_INFOPLIST_FILE = YES;
				INFOPLIST_KEY_UIApplicationSceneManifest_Generation = YES;
				INFOPLIST_KEY_UIApplicationSupportsIndirectInputEvents = YES;
				INFOPLIST_KEY_UILaunchScreen_Generation = YES;
				INFOPLIST_KEY_UISupportedInterfaceOrientations_iPad = "UIInterfaceOrientationPortrait UIInterfaceOrientationPortraitUpsideDown UIInterfaceOrientationLandscapeLeft UIInterfaceOrientationLandscapeRight";
				INFOPLIST_KEY_UISupportedInterfaceOrientations_iPhone = "UIInterfaceOrientationPortrait UIInterfaceOrientationLandscapeLeft UIInterfaceOrientationLandscapeRight";
				LD_RUNPATH_SEARCH_PATHS = (
					"$(inherited)",
					"@executable_path/Frameworks",
				);
				MARKETING_VERSION = 1.0;
				PRODUCT_BUNDLE_IDENTIFIER = asadbek.udemyiosnative;
				PRODUCT_NAME = "$(TARGET_NAME)";
				SWIFT_EMIT_LOC_STRINGS = YES;
				SWIFT_VERSION = 5.0;
				TARGETED_DEVICE_FAMILY = "1,2";
			};
			name = Debug;
		};
		3024FB3D2A728E26000A1254 /* Release */ = {
			isa = XCBuildConfiguration;
			buildSettings = {
				ASSETCATALOG_COMPILER_APPICON_NAME = AppIcon;
				ASSETCATALOG_COMPILER_GLOBAL_ACCENT_COLOR_NAME = AccentColor;
				CODE_SIGN_STYLE = Automatic;
				CURRENT_PROJECT_VERSION = 1;
				DEVELOPMENT_ASSET_PATHS = "\"udemyiosnative/Preview Content\"";
				ENABLE_PREVIEWS = YES;
				GENERATE_INFOPLIST_FILE = YES;
				INFOPLIST_KEY_UIApplicationSceneManifest_Generation = YES;
				INFOPLIST_KEY_UIApplicationSupportsIndirectInputEvents = YES;
				INFOPLIST_KEY_UILaunchScreen_Generation = YES;
				INFOPLIST_KEY_UISupportedInterfaceOrientations_iPad = "UIInterfaceOrientationPortrait UIInterfaceOrientationPortraitUpsideDown UIInterfaceOrientationLandscapeLeft UIInterfaceOrientationLandscapeRight";
				INFOPLIST_KEY_UISupportedInterfaceOrientations_iPhone = "UIInterfaceOrientationPortrait UIInterfaceOrientationLandscapeLeft UIInterfaceOrientationLandscapeRight";
				LD_RUNPATH_SEARCH_PATHS = (
					"$(inherited)",
					"@executable_path/Frameworks",
				);
				MARKETING_VERSION = 1.0;
				PRODUCT_BUNDLE_IDENTIFIER = asadbek.udemyiosnative;
				PRODUCT_NAME = "$(TARGET_NAME)";
				SWIFT_EMIT_LOC_STRINGS = YES;
				SWIFT_VERSION = 5.0;
				TARGETED_DEVICE_FAMILY = "1,2";
			};
			name = Release;
		};
/* End XCBuildConfiguration section */

/* Begin XCConfigurationList section */
		3024FB282A728E25000A1254 /* Build configuration list for PBXProject "udemyiosnative" */ = {
			isa = XCConfigurationList;
			buildConfigurations = (
				3024FB392A728E26000A1254 /* Debug */,
				3024FB3A2A728E26000A1254 /* Release */,
			);
			defaultConfigurationIsVisible = 0;
			defaultConfigurationName = Release;
		};
		3024FB3B2A728E26000A1254 /* Build configuration list for PBXNativeTarget "udemyiosnative" */ = {
			isa = XCConfigurationList;
			buildConfigurations = (
				3024FB3C2A728E26000A1254 /* Debug */,
				3024FB3D2A728E26000A1254 /* Release */,
			);
			defaultConfigurationIsVisible = 0;
			defaultConfigurationName = Release;
		};
/* End XCConfigurationList section */
	};
	rootObject = 3024FB252A728E25000A1254 /* Project object */;
}
